// !$*UTF8*$!
{
	archiveVersion = 1;
	classes = {
	};
	objectVersion = 51;
	objects = {

/* Begin PBXBuildFile section */
		0FF39B370194015FAA539722 /* Pods_Cravy_Partner.framework in Frameworks */ = {isa = PBXBuildFile; fileRef = 8B959F1B9C04B45B46A6E58A /* Pods_Cravy_Partner.framework */; };
		14AB48C4DE7A4D0B95FEC08F /* Pods_Cravy_PartnerTests.framework in Frameworks */ = {isa = PBXBuildFile; fileRef = A869FCE7609881B8424AB01B /* Pods_Cravy_PartnerTests.framework */; };
		2B01E6AA25C5C53C0067C6EF /* congrats.json in Resources */ = {isa = PBXBuildFile; fileRef = 2B01E6A925C5C53C0067C6EF /* congrats.json */; };
		2B060A32258809E000F59CB5 /* BasicTableCell.swift in Sources */ = {isa = PBXBuildFile; fileRef = 2B060A30258809E000F59CB5 /* BasicTableCell.swift */; };
		2B060A33258809E000F59CB5 /* BasicTableCell.xib in Resources */ = {isa = PBXBuildFile; fileRef = 2B060A31258809E000F59CB5 /* BasicTableCell.xib */; };
		2B1BD66125BEFFD200DA0C63 /* loader.json in Resources */ = {isa = PBXBuildFile; fileRef = 2B1BD66025BEFFD200DA0C63 /* loader.json */; };
		2B1BD66325BF0B0400DA0C63 /* LoaderViewController.swift in Sources */ = {isa = PBXBuildFile; fileRef = 2B1BD66225BF0B0400DA0C63 /* LoaderViewController.swift */; };
		2B21265425BE5E1F00B5F023 /* UzumakiView.xib in Resources */ = {isa = PBXBuildFile; fileRef = 2B21265325BE5E1F00B5F023 /* UzumakiView.xib */; };
		2B21265625BE61B600B5F023 /* UzumakiView.swift in Sources */ = {isa = PBXBuildFile; fileRef = 2B21265525BE61B600B5F023 /* UzumakiView.swift */; };
		2B21265A25BE6C9100B5F023 /* UchihaView.xib in Resources */ = {isa = PBXBuildFile; fileRef = 2B21265925BE6C9100B5F023 /* UchihaView.xib */; };
		2B21265C25BE6E1000B5F023 /* UchihaView.swift in Sources */ = {isa = PBXBuildFile; fileRef = 2B21265B25BE6E1000B5F023 /* UchihaView.swift */; };
		2B267EDD25A131E800478726 /* NewProductPageController.swift in Sources */ = {isa = PBXBuildFile; fileRef = 2B267EDC25A131E800478726 /* NewProductPageController.swift */; };
		2B267EDF25A13FE600478726 /* NewProductViewsController.swift in Sources */ = {isa = PBXBuildFile; fileRef = 2B267EDE25A13FE600478726 /* NewProductViewsController.swift */; };
		2B267EE125A1D74900478726 /* Album.storyboard in Resources */ = {isa = PBXBuildFile; fileRef = 2B267EE025A1D74900478726 /* Album.storyboard */; };
		2B267EE825A1FE4000478726 /* ProductCollectionViewController.swift in Sources */ = {isa = PBXBuildFile; fileRef = 2B267EE725A1FE4000478726 /* ProductCollectionViewController.swift */; };
		2B267EEA25A2011D00478726 /* ProductsPageController.swift in Sources */ = {isa = PBXBuildFile; fileRef = 2B267EE925A2011D00478726 /* ProductsPageController.swift */; };
		2B267EEC25A2212900478726 /* promote.json in Resources */ = {isa = PBXBuildFile; fileRef = 2B267EEB25A2212800478726 /* promote.json */; };
		2B267EF025A285AC00478726 /* post.json in Resources */ = {isa = PBXBuildFile; fileRef = 2B267EEF25A285AC00478726 /* post.json */; };
		2B5071C225C0593500F9715F /* TextInputController.swift in Sources */ = {isa = PBXBuildFile; fileRef = 2B5071C025C0593500F9715F /* TextInputController.swift */; };
		2B5071C325C0593500F9715F /* TextInputController.xib in Resources */ = {isa = PBXBuildFile; fileRef = 2B5071C125C0593500F9715F /* TextInputController.xib */; };
		2B5071C625C05ED800F9715F /* TagsInputController.swift in Sources */ = {isa = PBXBuildFile; fileRef = 2B5071C425C05ED800F9715F /* TagsInputController.swift */; };
		2B5071C725C05ED800F9715F /* TagsInputController.xib in Resources */ = {isa = PBXBuildFile; fileRef = 2B5071C525C05ED800F9715F /* TagsInputController.xib */; };
		2B5071CA25C063F900F9715F /* LinkInputController.swift in Sources */ = {isa = PBXBuildFile; fileRef = 2B5071C825C063F800F9715F /* LinkInputController.swift */; };
		2B5071CB25C063F900F9715F /* LinkInputController.xib in Resources */ = {isa = PBXBuildFile; fileRef = 2B5071C925C063F800F9715F /* LinkInputController.xib */; };
		2B61BE3E258E4AA200545E59 /* ProductController.swift in Sources */ = {isa = PBXBuildFile; fileRef = 2B61BE3D258E4AA200545E59 /* ProductController.swift */; };
		2B61BE41258E653700545E59 /* WidgetCollectionCell.swift in Sources */ = {isa = PBXBuildFile; fileRef = 2B61BE3F258E653700545E59 /* WidgetCollectionCell.swift */; };
		2B61BE42258E653700545E59 /* WidgetCollectionCell.xib in Resources */ = {isa = PBXBuildFile; fileRef = 2B61BE40258E653700545E59 /* WidgetCollectionCell.xib */; };
		2B61BE44258E89B100545E59 /* CustomLabel.swift in Sources */ = {isa = PBXBuildFile; fileRef = 2B61BE43258E89B100545E59 /* CustomLabel.swift */; };
		2B61BE46258FF12100545E59 /* BusinessController.swift in Sources */ = {isa = PBXBuildFile; fileRef = 2B61BE45258FF12100545E59 /* BusinessController.swift */; };
		2B61BE482590D56400545E59 /* Settings.storyboard in Resources */ = {isa = PBXBuildFile; fileRef = 2B61BE472590D56400545E59 /* Settings.storyboard */; };
		2B61BE4A2590DA4D00545E59 /* SettingsController.swift in Sources */ = {isa = PBXBuildFile; fileRef = 2B61BE492590DA4D00545E59 /* SettingsController.swift */; };
		2B61BE4C2590DF7B00545E59 /* AccountController.swift in Sources */ = {isa = PBXBuildFile; fileRef = 2B61BE4B2590DF7B00545E59 /* AccountController.swift */; };
		2B61BE502590FA9500545E59 /* SettingsTableController.swift in Sources */ = {isa = PBXBuildFile; fileRef = 2B61BE4F2590FA9500545E59 /* SettingsTableController.swift */; };
		2B61BE752593927B00545E59 /* NewProductController.swift in Sources */ = {isa = PBXBuildFile; fileRef = 2B61BE742593927B00545E59 /* NewProductController.swift */; };
		2B61BE772593ADED00545E59 /* focus.json in Resources */ = {isa = PBXBuildFile; fileRef = 2B61BE762593ADED00545E59 /* focus.json */; };
		2B62D9882588FC2B00C7E948 /* ToggleTableCell.swift in Sources */ = {isa = PBXBuildFile; fileRef = 2B62D9862588FC2A00C7E948 /* ToggleTableCell.swift */; };
		2B62D9892588FC2B00C7E948 /* ToggleTable.xib in Resources */ = {isa = PBXBuildFile; fileRef = 2B62D9872588FC2A00C7E948 /* ToggleTable.xib */; };
		2B7315DE2583891D00E9A198 /* GalleryTableCell.swift in Sources */ = {isa = PBXBuildFile; fileRef = 2B7315DC2583891D00E9A198 /* GalleryTableCell.swift */; };
		2B7315DF2583891D00E9A198 /* GalleryTableCell.xib in Resources */ = {isa = PBXBuildFile; fileRef = 2B7315DD2583891D00E9A198 /* GalleryTableCell.xib */; };
		2B75890525B6122200203346 /* EditProductController.swift in Sources */ = {isa = PBXBuildFile; fileRef = 2B75890425B6122200203346 /* EditProductController.swift */; };
		2B75890725B733E400203346 /* EditTagsController.swift in Sources */ = {isa = PBXBuildFile; fileRef = 2B75890625B733E400203346 /* EditTagsController.swift */; };
		2B77137E258BD33E00C6C9F0 /* Product.storyboard in Resources */ = {isa = PBXBuildFile; fileRef = 2B77137D258BD33E00C6C9F0 /* Product.storyboard */; };
		2B7DF48E258A0C1400AA1337 /* IntroController.swift in Sources */ = {isa = PBXBuildFile; fileRef = 2B7DF48D258A0C1400AA1337 /* IntroController.swift */; };
		2B7DF490258A1C0700AA1337 /* IntroPageController.swift in Sources */ = {isa = PBXBuildFile; fileRef = 2B7DF48F258A1C0700AA1337 /* IntroPageController.swift */; };
		2B7DF492258A375100AA1337 /* CustomStackView.swift in Sources */ = {isa = PBXBuildFile; fileRef = 2B7DF491258A375100AA1337 /* CustomStackView.swift */; };
		2B7DF494258A996200AA1337 /* CravyTabBarController.swift in Sources */ = {isa = PBXBuildFile; fileRef = 2B7DF493258A996200AA1337 /* CravyTabBarController.swift */; };
		2B7DF496258A99FF00AA1337 /* MyProductsController.swift in Sources */ = {isa = PBXBuildFile; fileRef = 2B7DF495258A99FF00AA1337 /* MyProductsController.swift */; };
		2B7DF498258B9F4A00AA1337 /* CustomCollectionView.swift in Sources */ = {isa = PBXBuildFile; fileRef = 2B7DF497258B9F4A00AA1337 /* CustomCollectionView.swift */; };
		2B823DC5259CD0E10040E860 /* NewCollectionCell.swift in Sources */ = {isa = PBXBuildFile; fileRef = 2B823DC3259CD0E10040E860 /* NewCollectionCell.swift */; };
		2B823DC6259CD0E10040E860 /* NewCollectionCell.xib in Resources */ = {isa = PBXBuildFile; fileRef = 2B823DC4259CD0E10040E860 /* NewCollectionCell.xib */; };
		2B823DC8259D01790040E860 /* ingredients.json in Resources */ = {isa = PBXBuildFile; fileRef = 2B823DC7259D01790040E860 /* ingredients.json */; };
		2B823DCA259D112F0040E860 /* PopView.swift in Sources */ = {isa = PBXBuildFile; fileRef = 2B823DC9259D112F0040E860 /* PopView.swift */; };
		2B823DCC259D1D420040E860 /* PopViewController.swift in Sources */ = {isa = PBXBuildFile; fileRef = 2B823DCB259D1D420040E860 /* PopViewController.swift */; };
		2B823DD225A007880040E860 /* CravyWebView.swift in Sources */ = {isa = PBXBuildFile; fileRef = 2B823DD125A007880040E860 /* CravyWebView.swift */; };
		2B84AE79257BBCD6002A626A /* MarketView.swift in Sources */ = {isa = PBXBuildFile; fileRef = 2B84AE78257BBCD6002A626A /* MarketView.swift */; };
		2B84AE7B257BF1C8002A626A /* CustomTextView.swift in Sources */ = {isa = PBXBuildFile; fileRef = 2B84AE7A257BF1C8002A626A /* CustomTextView.swift */; };
		2B89AAD825A495EF00F65F16 /* inactive.json in Resources */ = {isa = PBXBuildFile; fileRef = 2B89AAD725A495EE00F65F16 /* inactive.json */; };
		2B99FF802574309E008302FA /* AppDelegate.swift in Sources */ = {isa = PBXBuildFile; fileRef = 2B99FF7F2574309E008302FA /* AppDelegate.swift */; };
		2B99FF822574309E008302FA /* SceneDelegate.swift in Sources */ = {isa = PBXBuildFile; fileRef = 2B99FF812574309E008302FA /* SceneDelegate.swift */; };
		2B99FF842574309E008302FA /* SplashController.swift in Sources */ = {isa = PBXBuildFile; fileRef = 2B99FF832574309E008302FA /* SplashController.swift */; };
		2B99FF872574309E008302FA /* Main.storyboard in Resources */ = {isa = PBXBuildFile; fileRef = 2B99FF852574309E008302FA /* Main.storyboard */; };
		2B99FF89257430A0008302FA /* Assets.xcassets in Resources */ = {isa = PBXBuildFile; fileRef = 2B99FF88257430A0008302FA /* Assets.xcassets */; };
		2B99FF8C257430A0008302FA /* LaunchScreen.storyboard in Resources */ = {isa = PBXBuildFile; fileRef = 2B99FF8A257430A0008302FA /* LaunchScreen.storyboard */; };
		2B99FF97257430A0008302FA /* Cravy_PartnerTests.swift in Sources */ = {isa = PBXBuildFile; fileRef = 2B99FF96257430A0008302FA /* Cravy_PartnerTests.swift */; };
		2B99FFA2257430A0008302FA /* Cravy_PartnerUITests.swift in Sources */ = {isa = PBXBuildFile; fileRef = 2B99FFA1257430A0008302FA /* Cravy_PartnerUITests.swift */; };
		2B99FFB2257441B2008302FA /* Extensions.swift in Sources */ = {isa = PBXBuildFile; fileRef = 2B99FFB1257441B2008302FA /* Extensions.swift */; };
		2B99FFB425745277008302FA /* CustomButton.swift in Sources */ = {isa = PBXBuildFile; fileRef = 2B99FFB325745277008302FA /* CustomButton.swift */; };
		2B99FFB62574543A008302FA /* Constants.swift in Sources */ = {isa = PBXBuildFile; fileRef = 2B99FFB52574543A008302FA /* Constants.swift */; };
		2B99FFBB25745B17008302FA /* CustomTextField.swift in Sources */ = {isa = PBXBuildFile; fileRef = 2B99FFBA25745B17008302FA /* CustomTextField.swift */; };
		2B99FFBF2574F602008302FA /* CravySearchBar.swift in Sources */ = {isa = PBXBuildFile; fileRef = 2B99FFBE2574F602008302FA /* CravySearchBar.swift */; };
		2B99FFC125751AEE008302FA /* CravyToolBar.swift in Sources */ = {isa = PBXBuildFile; fileRef = 2B99FFC025751AEE008302FA /* CravyToolBar.swift */; };
		2B99FFC7257723D7008302FA /* CustomImageView.swift in Sources */ = {isa = PBXBuildFile; fileRef = 2B99FFC6257723D7008302FA /* CustomImageView.swift */; };
		2B99FFC925772814008302FA /* CraveImageView.swift in Sources */ = {isa = PBXBuildFile; fileRef = 2B99FFC825772814008302FA /* CraveImageView.swift */; };
		2BB7FE6D25B9B61700900495 /* CravyWebKitViewController.swift in Sources */ = {isa = PBXBuildFile; fileRef = 2BB7FE6B25B9B61700900495 /* CravyWebKitViewController.swift */; };
		2BB7FE6E25B9B61700900495 /* CravyWebKitViewController.xib in Resources */ = {isa = PBXBuildFile; fileRef = 2BB7FE6C25B9B61700900495 /* CravyWebKitViewController.xib */; };
		2BB7FE7325B9C6C700900495 /* ProductEditView.xib in Resources */ = {isa = PBXBuildFile; fileRef = 2BB7FE7225B9C6C700900495 /* ProductEditView.xib */; };
		2BB7FE7725B9CAC100900495 /* ProductEditView.swift in Sources */ = {isa = PBXBuildFile; fileRef = 2BB7FE7625B9CAC100900495 /* ProductEditView.swift */; };
		2BB7FE7925B9EE2800900495 /* comingsoon.json in Resources */ = {isa = PBXBuildFile; fileRef = 2BB7FE7825B9EE2700900495 /* comingsoon.json */; };
		2BC0C69B25779D87004BA3CA /* LinkView.swift in Sources */ = {isa = PBXBuildFile; fileRef = 2BC0C69A25779D87004BA3CA /* LinkView.swift */; };
		2BC0C69E25780053004BA3CA /* CraveCollectionCell.swift in Sources */ = {isa = PBXBuildFile; fileRef = 2BC0C69C25780053004BA3CA /* CraveCollectionCell.swift */; };
		2BC0C69F25780053004BA3CA /* CraveCollectionCell.xib in Resources */ = {isa = PBXBuildFile; fileRef = 2BC0C69D25780053004BA3CA /* CraveCollectionCell.xib */; };
		2BC0C6A1257810C2004BA3CA /* CustomView.swift in Sources */ = {isa = PBXBuildFile; fileRef = 2BC0C6A0257810C2004BA3CA /* CustomView.swift */; };
		2BC0C6A42578FF24004BA3CA /* TagCollectionCell.swift in Sources */ = {isa = PBXBuildFile; fileRef = 2BC0C6A22578FF24004BA3CA /* TagCollectionCell.swift */; };
		2BC0C6A52578FF24004BA3CA /* TagCollectionCell.xib in Resources */ = {isa = PBXBuildFile; fileRef = 2BC0C6A32578FF24004BA3CA /* TagCollectionCell.xib */; };
		2BC7378D25A799B2005D7853 /* ImageViewController.swift in Sources */ = {isa = PBXBuildFile; fileRef = 2BC7378C25A799B2005D7853 /* ImageViewController.swift */; };
		2BCF7FE725C235F9005629C9 /* EmptyView.xib in Resources */ = {isa = PBXBuildFile; fileRef = 2BCF7FE625C235F9005629C9 /* EmptyView.xib */; };
		2BCF7FE925C238C3005629C9 /* EmptyView.swift in Sources */ = {isa = PBXBuildFile; fileRef = 2BCF7FE825C238C3005629C9 /* EmptyView.swift */; };
		2BCF7FEB25C45F98005629C9 /* PRCollectionViewController.swift in Sources */ = {isa = PBXBuildFile; fileRef = 2BCF7FEA25C45F98005629C9 /* PRCollectionViewController.swift */; };
		2BCF7FED25C4690D005629C9 /* GalleryTableViewController.swift in Sources */ = {isa = PBXBuildFile; fileRef = 2BCF7FEC25C4690D005629C9 /* GalleryTableViewController.swift */; };
		2BE371BE2580EEC700B38D30 /* ImageCollectionCell.swift in Sources */ = {isa = PBXBuildFile; fileRef = 2BE371BC2580EEC700B38D30 /* ImageCollectionCell.swift */; };
		2BE371BF2580EEC700B38D30 /* ImageCollectionCell.xib in Resources */ = {isa = PBXBuildFile; fileRef = 2BE371BD2580EEC700B38D30 /* ImageCollectionCell.xib */; };
		2BEBCE64257D34B300B11C66 /* BusinessView.swift in Sources */ = {isa = PBXBuildFile; fileRef = 2BEBCE63257D34B300B11C66 /* BusinessView.swift */; };
		2BFC750C25977AB4009A35AE /* AlbumCollectionCell.swift in Sources */ = {isa = PBXBuildFile; fileRef = 2BFC750A25977AB4009A35AE /* AlbumCollectionCell.swift */; };
		2BFC750D25977AB4009A35AE /* AlbumCollectionCell.xib in Resources */ = {isa = PBXBuildFile; fileRef = 2BFC750B25977AB4009A35AE /* AlbumCollectionCell.xib */; };
		2BFC751025977ED7009A35AE /* BasicReusableView.swift in Sources */ = {isa = PBXBuildFile; fileRef = 2BFC750E25977ED7009A35AE /* BasicReusableView.swift */; };
		2BFC751125977ED7009A35AE /* BasicReusableView.xib in Resources */ = {isa = PBXBuildFile; fileRef = 2BFC750F25977ED7009A35AE /* BasicReusableView.xib */; };
		2BFC75132597808C009A35AE /* AlbumCollectionViewController.swift in Sources */ = {isa = PBXBuildFile; fileRef = 2BFC75122597808C009A35AE /* AlbumCollectionViewController.swift */; };
		2BFC75152597BB5B009A35AE /* NewProduct.storyboard in Resources */ = {isa = PBXBuildFile; fileRef = 2BFC75142597BB5B009A35AE /* NewProduct.storyboard */; };
		2BFC75172597BD57009A35AE /* AlbumPageController.swift in Sources */ = {isa = PBXBuildFile; fileRef = 2BFC75162597BD57009A35AE /* AlbumPageController.swift */; };
		2BFC75192597BF08009A35AE /* CustomPageController.swift in Sources */ = {isa = PBXBuildFile; fileRef = 2BFC75182597BF08009A35AE /* CustomPageController.swift */; };
		2BFC751B2597C1A5009A35AE /* AlbumController.swift in Sources */ = {isa = PBXBuildFile; fileRef = 2BFC751A2597C1A5009A35AE /* AlbumController.swift */; };
		4B1FD39ECE734E6C1A5C7EE0 /* Pods_Cravy_PartnerUITests.framework in Frameworks */ = {isa = PBXBuildFile; fileRef = 28A403A3999D88A5ABD71A3A /* Pods_Cravy_PartnerUITests.framework */; };
/* End PBXBuildFile section */

/* Begin PBXContainerItemProxy section */
		2B99FF93257430A0008302FA /* PBXContainerItemProxy */ = {
			isa = PBXContainerItemProxy;
			containerPortal = 2B99FF742574309E008302FA /* Project object */;
			proxyType = 1;
			remoteGlobalIDString = 2B99FF7B2574309E008302FA;
			remoteInfo = "Cravy-Partner";
		};
		2B99FF9E257430A0008302FA /* PBXContainerItemProxy */ = {
			isa = PBXContainerItemProxy;
			containerPortal = 2B99FF742574309E008302FA /* Project object */;
			proxyType = 1;
			remoteGlobalIDString = 2B99FF7B2574309E008302FA;
			remoteInfo = "Cravy-Partner";
		};
/* End PBXContainerItemProxy section */

/* Begin PBXFileReference section */
		07AD9DE0F70648D7482D0723 /* Pods-Cravy-PartnerUITests.debug.xcconfig */ = {isa = PBXFileReference; includeInIndex = 1; lastKnownFileType = text.xcconfig; name = "Pods-Cravy-PartnerUITests.debug.xcconfig"; path = "Target Support Files/Pods-Cravy-PartnerUITests/Pods-Cravy-PartnerUITests.debug.xcconfig"; sourceTree = "<group>"; };
		28A403A3999D88A5ABD71A3A /* Pods_Cravy_PartnerUITests.framework */ = {isa = PBXFileReference; explicitFileType = wrapper.framework; includeInIndex = 0; path = Pods_Cravy_PartnerUITests.framework; sourceTree = BUILT_PRODUCTS_DIR; };
		2B01E6A925C5C53C0067C6EF /* congrats.json */ = {isa = PBXFileReference; fileEncoding = 4; lastKnownFileType = text.json; path = congrats.json; sourceTree = "<group>"; };
		2B060A30258809E000F59CB5 /* BasicTableCell.swift */ = {isa = PBXFileReference; lastKnownFileType = sourcecode.swift; path = BasicTableCell.swift; sourceTree = "<group>"; };
		2B060A31258809E000F59CB5 /* BasicTableCell.xib */ = {isa = PBXFileReference; lastKnownFileType = file.xib; path = BasicTableCell.xib; sourceTree = "<group>"; };
		2B1BD66025BEFFD200DA0C63 /* loader.json */ = {isa = PBXFileReference; fileEncoding = 4; lastKnownFileType = text.json; path = loader.json; sourceTree = "<group>"; };
		2B1BD66225BF0B0400DA0C63 /* LoaderViewController.swift */ = {isa = PBXFileReference; lastKnownFileType = sourcecode.swift; path = LoaderViewController.swift; sourceTree = "<group>"; };
		2B21265325BE5E1F00B5F023 /* UzumakiView.xib */ = {isa = PBXFileReference; lastKnownFileType = file.xib; path = UzumakiView.xib; sourceTree = "<group>"; };
		2B21265525BE61B600B5F023 /* UzumakiView.swift */ = {isa = PBXFileReference; lastKnownFileType = sourcecode.swift; path = UzumakiView.swift; sourceTree = "<group>"; };
		2B21265925BE6C9100B5F023 /* UchihaView.xib */ = {isa = PBXFileReference; lastKnownFileType = file.xib; path = UchihaView.xib; sourceTree = "<group>"; };
		2B21265B25BE6E1000B5F023 /* UchihaView.swift */ = {isa = PBXFileReference; lastKnownFileType = sourcecode.swift; path = UchihaView.swift; sourceTree = "<group>"; };
		2B267EDC25A131E800478726 /* NewProductPageController.swift */ = {isa = PBXFileReference; lastKnownFileType = sourcecode.swift; path = NewProductPageController.swift; sourceTree = "<group>"; };
		2B267EDE25A13FE600478726 /* NewProductViewsController.swift */ = {isa = PBXFileReference; lastKnownFileType = sourcecode.swift; path = NewProductViewsController.swift; sourceTree = "<group>"; };
		2B267EE025A1D74900478726 /* Album.storyboard */ = {isa = PBXFileReference; lastKnownFileType = file.storyboard; path = Album.storyboard; sourceTree = "<group>"; };
		2B267EE725A1FE4000478726 /* ProductCollectionViewController.swift */ = {isa = PBXFileReference; lastKnownFileType = sourcecode.swift; path = ProductCollectionViewController.swift; sourceTree = "<group>"; };
		2B267EE925A2011D00478726 /* ProductsPageController.swift */ = {isa = PBXFileReference; lastKnownFileType = sourcecode.swift; path = ProductsPageController.swift; sourceTree = "<group>"; };
		2B267EEB25A2212800478726 /* promote.json */ = {isa = PBXFileReference; fileEncoding = 4; lastKnownFileType = text.json; path = promote.json; sourceTree = "<group>"; };
		2B267EEF25A285AC00478726 /* post.json */ = {isa = PBXFileReference; fileEncoding = 4; lastKnownFileType = text.json; path = post.json; sourceTree = "<group>"; };
		2B5071C025C0593500F9715F /* TextInputController.swift */ = {isa = PBXFileReference; lastKnownFileType = sourcecode.swift; path = TextInputController.swift; sourceTree = "<group>"; };
		2B5071C125C0593500F9715F /* TextInputController.xib */ = {isa = PBXFileReference; lastKnownFileType = file.xib; path = TextInputController.xib; sourceTree = "<group>"; };
		2B5071C425C05ED800F9715F /* TagsInputController.swift */ = {isa = PBXFileReference; lastKnownFileType = sourcecode.swift; path = TagsInputController.swift; sourceTree = "<group>"; };
		2B5071C525C05ED800F9715F /* TagsInputController.xib */ = {isa = PBXFileReference; lastKnownFileType = file.xib; path = TagsInputController.xib; sourceTree = "<group>"; };
		2B5071C825C063F800F9715F /* LinkInputController.swift */ = {isa = PBXFileReference; lastKnownFileType = sourcecode.swift; path = LinkInputController.swift; sourceTree = "<group>"; };
		2B5071C925C063F800F9715F /* LinkInputController.xib */ = {isa = PBXFileReference; lastKnownFileType = file.xib; path = LinkInputController.xib; sourceTree = "<group>"; };
		2B61BE3D258E4AA200545E59 /* ProductController.swift */ = {isa = PBXFileReference; lastKnownFileType = sourcecode.swift; path = ProductController.swift; sourceTree = "<group>"; };
		2B61BE3F258E653700545E59 /* WidgetCollectionCell.swift */ = {isa = PBXFileReference; lastKnownFileType = sourcecode.swift; path = WidgetCollectionCell.swift; sourceTree = "<group>"; };
		2B61BE40258E653700545E59 /* WidgetCollectionCell.xib */ = {isa = PBXFileReference; lastKnownFileType = file.xib; path = WidgetCollectionCell.xib; sourceTree = "<group>"; };
		2B61BE43258E89B100545E59 /* CustomLabel.swift */ = {isa = PBXFileReference; lastKnownFileType = sourcecode.swift; path = CustomLabel.swift; sourceTree = "<group>"; };
		2B61BE45258FF12100545E59 /* BusinessController.swift */ = {isa = PBXFileReference; lastKnownFileType = sourcecode.swift; path = BusinessController.swift; sourceTree = "<group>"; };
		2B61BE472590D56400545E59 /* Settings.storyboard */ = {isa = PBXFileReference; lastKnownFileType = file.storyboard; path = Settings.storyboard; sourceTree = "<group>"; };
		2B61BE492590DA4D00545E59 /* SettingsController.swift */ = {isa = PBXFileReference; lastKnownFileType = sourcecode.swift; path = SettingsController.swift; sourceTree = "<group>"; };
		2B61BE4B2590DF7B00545E59 /* AccountController.swift */ = {isa = PBXFileReference; lastKnownFileType = sourcecode.swift; path = AccountController.swift; sourceTree = "<group>"; };
		2B61BE4F2590FA9500545E59 /* SettingsTableController.swift */ = {isa = PBXFileReference; lastKnownFileType = sourcecode.swift; path = SettingsTableController.swift; sourceTree = "<group>"; };
		2B61BE742593927B00545E59 /* NewProductController.swift */ = {isa = PBXFileReference; lastKnownFileType = sourcecode.swift; path = NewProductController.swift; sourceTree = "<group>"; };
		2B61BE762593ADED00545E59 /* focus.json */ = {isa = PBXFileReference; fileEncoding = 4; lastKnownFileType = text.json; path = focus.json; sourceTree = "<group>"; };
		2B62D9862588FC2A00C7E948 /* ToggleTableCell.swift */ = {isa = PBXFileReference; lastKnownFileType = sourcecode.swift; path = ToggleTableCell.swift; sourceTree = "<group>"; };
		2B62D9872588FC2A00C7E948 /* ToggleTable.xib */ = {isa = PBXFileReference; lastKnownFileType = file.xib; path = ToggleTable.xib; sourceTree = "<group>"; };
		2B7315DC2583891D00E9A198 /* GalleryTableCell.swift */ = {isa = PBXFileReference; lastKnownFileType = sourcecode.swift; path = GalleryTableCell.swift; sourceTree = "<group>"; };
		2B7315DD2583891D00E9A198 /* GalleryTableCell.xib */ = {isa = PBXFileReference; lastKnownFileType = file.xib; path = GalleryTableCell.xib; sourceTree = "<group>"; };
		2B75890425B6122200203346 /* EditProductController.swift */ = {isa = PBXFileReference; lastKnownFileType = sourcecode.swift; path = EditProductController.swift; sourceTree = "<group>"; };
		2B75890625B733E400203346 /* EditTagsController.swift */ = {isa = PBXFileReference; lastKnownFileType = sourcecode.swift; path = EditTagsController.swift; sourceTree = "<group>"; };
		2B77137D258BD33E00C6C9F0 /* Product.storyboard */ = {isa = PBXFileReference; lastKnownFileType = file.storyboard; path = Product.storyboard; sourceTree = "<group>"; };
		2B7DF48D258A0C1400AA1337 /* IntroController.swift */ = {isa = PBXFileReference; lastKnownFileType = sourcecode.swift; path = IntroController.swift; sourceTree = "<group>"; };
		2B7DF48F258A1C0700AA1337 /* IntroPageController.swift */ = {isa = PBXFileReference; lastKnownFileType = sourcecode.swift; path = IntroPageController.swift; sourceTree = "<group>"; };
		2B7DF491258A375100AA1337 /* CustomStackView.swift */ = {isa = PBXFileReference; lastKnownFileType = sourcecode.swift; path = CustomStackView.swift; sourceTree = "<group>"; };
		2B7DF493258A996200AA1337 /* CravyTabBarController.swift */ = {isa = PBXFileReference; lastKnownFileType = sourcecode.swift; path = CravyTabBarController.swift; sourceTree = "<group>"; };
		2B7DF495258A99FF00AA1337 /* MyProductsController.swift */ = {isa = PBXFileReference; lastKnownFileType = sourcecode.swift; path = MyProductsController.swift; sourceTree = "<group>"; };
		2B7DF497258B9F4A00AA1337 /* CustomCollectionView.swift */ = {isa = PBXFileReference; lastKnownFileType = sourcecode.swift; path = CustomCollectionView.swift; sourceTree = "<group>"; };
		2B823DC3259CD0E10040E860 /* NewCollectionCell.swift */ = {isa = PBXFileReference; lastKnownFileType = sourcecode.swift; path = NewCollectionCell.swift; sourceTree = "<group>"; };
		2B823DC4259CD0E10040E860 /* NewCollectionCell.xib */ = {isa = PBXFileReference; lastKnownFileType = file.xib; path = NewCollectionCell.xib; sourceTree = "<group>"; };
		2B823DC7259D01790040E860 /* ingredients.json */ = {isa = PBXFileReference; fileEncoding = 4; lastKnownFileType = text.json; path = ingredients.json; sourceTree = "<group>"; };
		2B823DC9259D112F0040E860 /* PopView.swift */ = {isa = PBXFileReference; lastKnownFileType = sourcecode.swift; path = PopView.swift; sourceTree = "<group>"; };
		2B823DCB259D1D420040E860 /* PopViewController.swift */ = {isa = PBXFileReference; lastKnownFileType = sourcecode.swift; path = PopViewController.swift; sourceTree = "<group>"; };
		2B823DD125A007880040E860 /* CravyWebView.swift */ = {isa = PBXFileReference; lastKnownFileType = sourcecode.swift; path = CravyWebView.swift; sourceTree = "<group>"; };
		2B84AE78257BBCD6002A626A /* MarketView.swift */ = {isa = PBXFileReference; lastKnownFileType = sourcecode.swift; path = MarketView.swift; sourceTree = "<group>"; };
		2B84AE7A257BF1C8002A626A /* CustomTextView.swift */ = {isa = PBXFileReference; lastKnownFileType = sourcecode.swift; path = CustomTextView.swift; sourceTree = "<group>"; };
		2B89AAD725A495EE00F65F16 /* inactive.json */ = {isa = PBXFileReference; fileEncoding = 4; lastKnownFileType = text.json; path = inactive.json; sourceTree = "<group>"; };
		2B99FF7C2574309E008302FA /* Cravy-Partner.app */ = {isa = PBXFileReference; explicitFileType = wrapper.application; includeInIndex = 0; path = "Cravy-Partner.app"; sourceTree = BUILT_PRODUCTS_DIR; };
		2B99FF7F2574309E008302FA /* AppDelegate.swift */ = {isa = PBXFileReference; lastKnownFileType = sourcecode.swift; path = AppDelegate.swift; sourceTree = "<group>"; };
		2B99FF812574309E008302FA /* SceneDelegate.swift */ = {isa = PBXFileReference; lastKnownFileType = sourcecode.swift; path = SceneDelegate.swift; sourceTree = "<group>"; };
		2B99FF832574309E008302FA /* SplashController.swift */ = {isa = PBXFileReference; lastKnownFileType = sourcecode.swift; path = SplashController.swift; sourceTree = "<group>"; };
		2B99FF862574309E008302FA /* Base */ = {isa = PBXFileReference; lastKnownFileType = file.storyboard; name = Base; path = Base.lproj/Main.storyboard; sourceTree = "<group>"; };
		2B99FF88257430A0008302FA /* Assets.xcassets */ = {isa = PBXFileReference; lastKnownFileType = folder.assetcatalog; path = Assets.xcassets; sourceTree = "<group>"; };
		2B99FF8B257430A0008302FA /* Base */ = {isa = PBXFileReference; lastKnownFileType = file.storyboard; name = Base; path = Base.lproj/LaunchScreen.storyboard; sourceTree = "<group>"; };
		2B99FF8D257430A0008302FA /* Info.plist */ = {isa = PBXFileReference; lastKnownFileType = text.plist.xml; path = Info.plist; sourceTree = "<group>"; };
		2B99FF92257430A0008302FA /* Cravy-PartnerTests.xctest */ = {isa = PBXFileReference; explicitFileType = wrapper.cfbundle; includeInIndex = 0; path = "Cravy-PartnerTests.xctest"; sourceTree = BUILT_PRODUCTS_DIR; };
		2B99FF96257430A0008302FA /* Cravy_PartnerTests.swift */ = {isa = PBXFileReference; lastKnownFileType = sourcecode.swift; path = Cravy_PartnerTests.swift; sourceTree = "<group>"; };
		2B99FF98257430A0008302FA /* Info.plist */ = {isa = PBXFileReference; lastKnownFileType = text.plist.xml; path = Info.plist; sourceTree = "<group>"; };
		2B99FF9D257430A0008302FA /* Cravy-PartnerUITests.xctest */ = {isa = PBXFileReference; explicitFileType = wrapper.cfbundle; includeInIndex = 0; path = "Cravy-PartnerUITests.xctest"; sourceTree = BUILT_PRODUCTS_DIR; };
		2B99FFA1257430A0008302FA /* Cravy_PartnerUITests.swift */ = {isa = PBXFileReference; lastKnownFileType = sourcecode.swift; path = Cravy_PartnerUITests.swift; sourceTree = "<group>"; };
		2B99FFA3257430A0008302FA /* Info.plist */ = {isa = PBXFileReference; lastKnownFileType = text.plist.xml; path = Info.plist; sourceTree = "<group>"; };
		2B99FFB1257441B2008302FA /* Extensions.swift */ = {isa = PBXFileReference; lastKnownFileType = sourcecode.swift; path = Extensions.swift; sourceTree = "<group>"; };
		2B99FFB325745277008302FA /* CustomButton.swift */ = {isa = PBXFileReference; lastKnownFileType = sourcecode.swift; path = CustomButton.swift; sourceTree = "<group>"; };
		2B99FFB52574543A008302FA /* Constants.swift */ = {isa = PBXFileReference; lastKnownFileType = sourcecode.swift; path = Constants.swift; sourceTree = "<group>"; };
		2B99FFBA25745B17008302FA /* CustomTextField.swift */ = {isa = PBXFileReference; lastKnownFileType = sourcecode.swift; path = CustomTextField.swift; sourceTree = "<group>"; };
		2B99FFBE2574F602008302FA /* CravySearchBar.swift */ = {isa = PBXFileReference; lastKnownFileType = sourcecode.swift; path = CravySearchBar.swift; sourceTree = "<group>"; };
		2B99FFC025751AEE008302FA /* CravyToolBar.swift */ = {isa = PBXFileReference; lastKnownFileType = sourcecode.swift; path = CravyToolBar.swift; sourceTree = "<group>"; };
		2B99FFC6257723D7008302FA /* CustomImageView.swift */ = {isa = PBXFileReference; lastKnownFileType = sourcecode.swift; path = CustomImageView.swift; sourceTree = "<group>"; };
		2B99FFC825772814008302FA /* CraveImageView.swift */ = {isa = PBXFileReference; lastKnownFileType = sourcecode.swift; path = CraveImageView.swift; sourceTree = "<group>"; };
		2BB7FE6B25B9B61700900495 /* CravyWebKitViewController.swift */ = {isa = PBXFileReference; lastKnownFileType = sourcecode.swift; path = CravyWebKitViewController.swift; sourceTree = "<group>"; };
		2BB7FE6C25B9B61700900495 /* CravyWebKitViewController.xib */ = {isa = PBXFileReference; lastKnownFileType = file.xib; path = CravyWebKitViewController.xib; sourceTree = "<group>"; };
		2BB7FE7225B9C6C700900495 /* ProductEditView.xib */ = {isa = PBXFileReference; lastKnownFileType = file.xib; path = ProductEditView.xib; sourceTree = "<group>"; };
		2BB7FE7625B9CAC100900495 /* ProductEditView.swift */ = {isa = PBXFileReference; lastKnownFileType = sourcecode.swift; path = ProductEditView.swift; sourceTree = "<group>"; };
		2BB7FE7825B9EE2700900495 /* comingsoon.json */ = {isa = PBXFileReference; fileEncoding = 4; lastKnownFileType = text.json; path = comingsoon.json; sourceTree = "<group>"; };
		2BC0C69A25779D87004BA3CA /* LinkView.swift */ = {isa = PBXFileReference; lastKnownFileType = sourcecode.swift; path = LinkView.swift; sourceTree = "<group>"; };
		2BC0C69C25780053004BA3CA /* CraveCollectionCell.swift */ = {isa = PBXFileReference; lastKnownFileType = sourcecode.swift; path = CraveCollectionCell.swift; sourceTree = "<group>"; };
		2BC0C69D25780053004BA3CA /* CraveCollectionCell.xib */ = {isa = PBXFileReference; lastKnownFileType = file.xib; path = CraveCollectionCell.xib; sourceTree = "<group>"; };
		2BC0C6A0257810C2004BA3CA /* CustomView.swift */ = {isa = PBXFileReference; lastKnownFileType = sourcecode.swift; path = CustomView.swift; sourceTree = "<group>"; };
		2BC0C6A22578FF24004BA3CA /* TagCollectionCell.swift */ = {isa = PBXFileReference; lastKnownFileType = sourcecode.swift; path = TagCollectionCell.swift; sourceTree = "<group>"; };
		2BC0C6A32578FF24004BA3CA /* TagCollectionCell.xib */ = {isa = PBXFileReference; lastKnownFileType = file.xib; path = TagCollectionCell.xib; sourceTree = "<group>"; };
		2BC7378C25A799B2005D7853 /* ImageViewController.swift */ = {isa = PBXFileReference; lastKnownFileType = sourcecode.swift; path = ImageViewController.swift; sourceTree = "<group>"; };
		2BCF7FE625C235F9005629C9 /* EmptyView.xib */ = {isa = PBXFileReference; lastKnownFileType = file.xib; path = EmptyView.xib; sourceTree = "<group>"; };
		2BCF7FE825C238C3005629C9 /* EmptyView.swift */ = {isa = PBXFileReference; lastKnownFileType = sourcecode.swift; path = EmptyView.swift; sourceTree = "<group>"; };
		2BCF7FEA25C45F98005629C9 /* PRCollectionViewController.swift */ = {isa = PBXFileReference; lastKnownFileType = sourcecode.swift; path = PRCollectionViewController.swift; sourceTree = "<group>"; };
		2BCF7FEC25C4690D005629C9 /* GalleryTableViewController.swift */ = {isa = PBXFileReference; lastKnownFileType = sourcecode.swift; path = GalleryTableViewController.swift; sourceTree = "<group>"; };
		2BE371BC2580EEC700B38D30 /* ImageCollectionCell.swift */ = {isa = PBXFileReference; lastKnownFileType = sourcecode.swift; path = ImageCollectionCell.swift; sourceTree = "<group>"; };
		2BE371BD2580EEC700B38D30 /* ImageCollectionCell.xib */ = {isa = PBXFileReference; lastKnownFileType = file.xib; path = ImageCollectionCell.xib; sourceTree = "<group>"; };
		2BEBCE63257D34B300B11C66 /* BusinessView.swift */ = {isa = PBXFileReference; lastKnownFileType = sourcecode.swift; path = BusinessView.swift; sourceTree = "<group>"; };
		2BFC750A25977AB4009A35AE /* AlbumCollectionCell.swift */ = {isa = PBXFileReference; lastKnownFileType = sourcecode.swift; path = AlbumCollectionCell.swift; sourceTree = "<group>"; };
		2BFC750B25977AB4009A35AE /* AlbumCollectionCell.xib */ = {isa = PBXFileReference; lastKnownFileType = file.xib; path = AlbumCollectionCell.xib; sourceTree = "<group>"; };
		2BFC750E25977ED7009A35AE /* BasicReusableView.swift */ = {isa = PBXFileReference; lastKnownFileType = sourcecode.swift; path = BasicReusableView.swift; sourceTree = "<group>"; };
		2BFC750F25977ED7009A35AE /* BasicReusableView.xib */ = {isa = PBXFileReference; lastKnownFileType = file.xib; path = BasicReusableView.xib; sourceTree = "<group>"; };
		2BFC75122597808C009A35AE /* AlbumCollectionViewController.swift */ = {isa = PBXFileReference; lastKnownFileType = sourcecode.swift; path = AlbumCollectionViewController.swift; sourceTree = "<group>"; };
		2BFC75142597BB5B009A35AE /* NewProduct.storyboard */ = {isa = PBXFileReference; lastKnownFileType = file.storyboard; path = NewProduct.storyboard; sourceTree = "<group>"; };
		2BFC75162597BD57009A35AE /* AlbumPageController.swift */ = {isa = PBXFileReference; lastKnownFileType = sourcecode.swift; path = AlbumPageController.swift; sourceTree = "<group>"; };
		2BFC75182597BF08009A35AE /* CustomPageController.swift */ = {isa = PBXFileReference; lastKnownFileType = sourcecode.swift; path = CustomPageController.swift; sourceTree = "<group>"; };
		2BFC751A2597C1A5009A35AE /* AlbumController.swift */ = {isa = PBXFileReference; lastKnownFileType = sourcecode.swift; path = AlbumController.swift; sourceTree = "<group>"; };
		2F5B405DDE47A92CCFA6CD0C /* Pods-Cravy-Partner-Cravy-PartnerUITests.debug.xcconfig */ = {isa = PBXFileReference; includeInIndex = 1; lastKnownFileType = text.xcconfig; name = "Pods-Cravy-Partner-Cravy-PartnerUITests.debug.xcconfig"; path = "Target Support Files/Pods-Cravy-Partner-Cravy-PartnerUITests/Pods-Cravy-Partner-Cravy-PartnerUITests.debug.xcconfig"; sourceTree = "<group>"; };
		3928B6C7CDD73976695534CC /* Pods-Cravy-Partner-Cravy-PartnerUITests.release.xcconfig */ = {isa = PBXFileReference; includeInIndex = 1; lastKnownFileType = text.xcconfig; name = "Pods-Cravy-Partner-Cravy-PartnerUITests.release.xcconfig"; path = "Target Support Files/Pods-Cravy-Partner-Cravy-PartnerUITests/Pods-Cravy-Partner-Cravy-PartnerUITests.release.xcconfig"; sourceTree = "<group>"; };
		8B959F1B9C04B45B46A6E58A /* Pods_Cravy_Partner.framework */ = {isa = PBXFileReference; explicitFileType = wrapper.framework; includeInIndex = 0; path = Pods_Cravy_Partner.framework; sourceTree = BUILT_PRODUCTS_DIR; };
		A869FCE7609881B8424AB01B /* Pods_Cravy_PartnerTests.framework */ = {isa = PBXFileReference; explicitFileType = wrapper.framework; includeInIndex = 0; path = Pods_Cravy_PartnerTests.framework; sourceTree = BUILT_PRODUCTS_DIR; };
		BD1A8926148774D5F032B74F /* Pods-Cravy-PartnerTests.release.xcconfig */ = {isa = PBXFileReference; includeInIndex = 1; lastKnownFileType = text.xcconfig; name = "Pods-Cravy-PartnerTests.release.xcconfig"; path = "Target Support Files/Pods-Cravy-PartnerTests/Pods-Cravy-PartnerTests.release.xcconfig"; sourceTree = "<group>"; };
		C81C54BFBA4268DC7E294F14 /* Pods-Cravy-PartnerUITests.release.xcconfig */ = {isa = PBXFileReference; includeInIndex = 1; lastKnownFileType = text.xcconfig; name = "Pods-Cravy-PartnerUITests.release.xcconfig"; path = "Target Support Files/Pods-Cravy-PartnerUITests/Pods-Cravy-PartnerUITests.release.xcconfig"; sourceTree = "<group>"; };
		DEDAA11BF501CBDD95F5EC2C /* Pods-Cravy-PartnerTests.debug.xcconfig */ = {isa = PBXFileReference; includeInIndex = 1; lastKnownFileType = text.xcconfig; name = "Pods-Cravy-PartnerTests.debug.xcconfig"; path = "Target Support Files/Pods-Cravy-PartnerTests/Pods-Cravy-PartnerTests.debug.xcconfig"; sourceTree = "<group>"; };
		DFB515FC80778E97B1F0E1C1 /* Pods-Cravy-Partner.debug.xcconfig */ = {isa = PBXFileReference; includeInIndex = 1; lastKnownFileType = text.xcconfig; name = "Pods-Cravy-Partner.debug.xcconfig"; path = "Target Support Files/Pods-Cravy-Partner/Pods-Cravy-Partner.debug.xcconfig"; sourceTree = "<group>"; };
		F7B037BB109E9AA108F55C9B /* Pods-Cravy-Partner.release.xcconfig */ = {isa = PBXFileReference; includeInIndex = 1; lastKnownFileType = text.xcconfig; name = "Pods-Cravy-Partner.release.xcconfig"; path = "Target Support Files/Pods-Cravy-Partner/Pods-Cravy-Partner.release.xcconfig"; sourceTree = "<group>"; };
/* End PBXFileReference section */

/* Begin PBXFrameworksBuildPhase section */
		2B99FF792574309E008302FA /* Frameworks */ = {
			isa = PBXFrameworksBuildPhase;
			buildActionMask = 2147483647;
			files = (
				0FF39B370194015FAA539722 /* Pods_Cravy_Partner.framework in Frameworks */,
			);
			runOnlyForDeploymentPostprocessing = 0;
		};
		2B99FF8F257430A0008302FA /* Frameworks */ = {
			isa = PBXFrameworksBuildPhase;
			buildActionMask = 2147483647;
			files = (
				14AB48C4DE7A4D0B95FEC08F /* Pods_Cravy_PartnerTests.framework in Frameworks */,
			);
			runOnlyForDeploymentPostprocessing = 0;
		};
		2B99FF9A257430A0008302FA /* Frameworks */ = {
			isa = PBXFrameworksBuildPhase;
			buildActionMask = 2147483647;
			files = (
				4B1FD39ECE734E6C1A5C7EE0 /* Pods_Cravy_PartnerUITests.framework in Frameworks */,
			);
			runOnlyForDeploymentPostprocessing = 0;
		};
/* End PBXFrameworksBuildPhase section */

/* Begin PBXGroup section */
		2B267EE225A1D91200478726 /* Main */ = {
			isa = PBXGroup;
			children = (
				2B99FF832574309E008302FA /* SplashController.swift */,
				2B7DF48D258A0C1400AA1337 /* IntroController.swift */,
				2B7DF48F258A1C0700AA1337 /* IntroPageController.swift */,
				2B7DF493258A996200AA1337 /* CravyTabBarController.swift */,
				2B7DF495258A99FF00AA1337 /* MyProductsController.swift */,
				2B61BE742593927B00545E59 /* NewProductController.swift */,
				2B61BE45258FF12100545E59 /* BusinessController.swift */,
				2B823DCB259D1D420040E860 /* PopViewController.swift */,
				2B267EE725A1FE4000478726 /* ProductCollectionViewController.swift */,
				2B267EE925A2011D00478726 /* ProductsPageController.swift */,
				2BC7378C25A799B2005D7853 /* ImageViewController.swift */,
				2B1BD66225BF0B0400DA0C63 /* LoaderViewController.swift */,
				2BCF7FEA25C45F98005629C9 /* PRCollectionViewController.swift */,
				2BCF7FEC25C4690D005629C9 /* GalleryTableViewController.swift */,
			);
			path = Main;
			sourceTree = "<group>";
		};
		2B267EE325A1D99100478726 /* Product */ = {
			isa = PBXGroup;
			children = (
				2B61BE3D258E4AA200545E59 /* ProductController.swift */,
				2B75890425B6122200203346 /* EditProductController.swift */,
				2B75890625B733E400203346 /* EditTagsController.swift */,
			);
			path = Product;
			sourceTree = "<group>";
		};
		2B267EE425A1D9AF00478726 /* Settings */ = {
			isa = PBXGroup;
			children = (
				2B61BE492590DA4D00545E59 /* SettingsController.swift */,
				2B61BE4B2590DF7B00545E59 /* AccountController.swift */,
				2B61BE4F2590FA9500545E59 /* SettingsTableController.swift */,
			);
			path = Settings;
			sourceTree = "<group>";
		};
		2B267EE525A1D9CC00478726 /* Album */ = {
			isa = PBXGroup;
			children = (
				2BFC75122597808C009A35AE /* AlbumCollectionViewController.swift */,
				2BFC75162597BD57009A35AE /* AlbumPageController.swift */,
				2BFC751A2597C1A5009A35AE /* AlbumController.swift */,
			);
			path = Album;
			sourceTree = "<group>";
		};
		2B267EE625A1DA2300478726 /* NewProduct */ = {
			isa = PBXGroup;
			children = (
				2B267EDC25A131E800478726 /* NewProductPageController.swift */,
				2B267EDE25A13FE600478726 /* NewProductViewsController.swift */,
			);
			path = NewProduct;
			sourceTree = "<group>";
		};
		2B61BE5125911C9000545E59 /* Storyboards */ = {
			isa = PBXGroup;
			children = (
				2B99FF852574309E008302FA /* Main.storyboard */,
				2B99FF8A257430A0008302FA /* LaunchScreen.storyboard */,
				2B77137D258BD33E00C6C9F0 /* Product.storyboard */,
				2B61BE472590D56400545E59 /* Settings.storyboard */,
				2BFC75142597BB5B009A35AE /* NewProduct.storyboard */,
				2B267EE025A1D74900478726 /* Album.storyboard */,
			);
			path = Storyboards;
			sourceTree = "<group>";
		};
		2B61BE5225911CC000545E59 /* CollectionCells */ = {
			isa = PBXGroup;
			children = (
				2BC0C69C25780053004BA3CA /* CraveCollectionCell.swift */,
				2BC0C69D25780053004BA3CA /* CraveCollectionCell.xib */,
				2BC0C6A22578FF24004BA3CA /* TagCollectionCell.swift */,
				2BC0C6A32578FF24004BA3CA /* TagCollectionCell.xib */,
				2BE371BC2580EEC700B38D30 /* ImageCollectionCell.swift */,
				2BE371BD2580EEC700B38D30 /* ImageCollectionCell.xib */,
				2B61BE3F258E653700545E59 /* WidgetCollectionCell.swift */,
				2B61BE40258E653700545E59 /* WidgetCollectionCell.xib */,
				2BFC750A25977AB4009A35AE /* AlbumCollectionCell.swift */,
				2BFC750B25977AB4009A35AE /* AlbumCollectionCell.xib */,
				2BFC750E25977ED7009A35AE /* BasicReusableView.swift */,
				2BFC750F25977ED7009A35AE /* BasicReusableView.xib */,
				2B823DC3259CD0E10040E860 /* NewCollectionCell.swift */,
				2B823DC4259CD0E10040E860 /* NewCollectionCell.xib */,
			);
			path = CollectionCells;
			sourceTree = "<group>";
		};
		2B61BE5325911CD700545E59 /* TableCells */ = {
			isa = PBXGroup;
			children = (
				2B7315DC2583891D00E9A198 /* GalleryTableCell.swift */,
				2B7315DD2583891D00E9A198 /* GalleryTableCell.xib */,
				2B060A30258809E000F59CB5 /* BasicTableCell.swift */,
				2B060A31258809E000F59CB5 /* BasicTableCell.xib */,
				2B62D9862588FC2A00C7E948 /* ToggleTableCell.swift */,
				2B62D9872588FC2A00C7E948 /* ToggleTable.xib */,
			);
			path = TableCells;
			sourceTree = "<group>";
		};
		2B99FF732574309E008302FA = {
			isa = PBXGroup;
			children = (
				2B99FF7E2574309E008302FA /* Cravy-Partner */,
				2B99FF95257430A0008302FA /* Cravy-PartnerTests */,
				2B99FFA0257430A0008302FA /* Cravy-PartnerUITests */,
				2B99FF7D2574309E008302FA /* Products */,
				90BADB2B16D777E562466D7B /* Pods */,
				60F7318CD846ABFD3BB816C5 /* Frameworks */,
			);
			sourceTree = "<group>";
		};
		2B99FF7D2574309E008302FA /* Products */ = {
			isa = PBXGroup;
			children = (
				2B99FF7C2574309E008302FA /* Cravy-Partner.app */,
				2B99FF92257430A0008302FA /* Cravy-PartnerTests.xctest */,
				2B99FF9D257430A0008302FA /* Cravy-PartnerUITests.xctest */,
			);
			name = Products;
			sourceTree = "<group>";
		};
		2B99FF7E2574309E008302FA /* Cravy-Partner */ = {
			isa = PBXGroup;
			children = (
				2B99FF7F2574309E008302FA /* AppDelegate.swift */,
				2B99FF812574309E008302FA /* SceneDelegate.swift */,
				2B99FFB1257441B2008302FA /* Extensions.swift */,
				2B99FFB52574543A008302FA /* Constants.swift */,
				2B99FFB9257457B8008302FA /* ViewModels */,
				2B99FFB725745795008302FA /* Views */,
				2B99FFB8257457A8008302FA /* Controllers */,
				2B99FF88257430A0008302FA /* Assets.xcassets */,
				2B99FF8D257430A0008302FA /* Info.plist */,
				2B61BE762593ADED00545E59 /* focus.json */,
				2B823DC7259D01790040E860 /* ingredients.json */,
				2B267EEB25A2212800478726 /* promote.json */,
				2B267EEF25A285AC00478726 /* post.json */,
				2B89AAD725A495EE00F65F16 /* inactive.json */,
				2BB7FE7825B9EE2700900495 /* comingsoon.json */,
				2B1BD66025BEFFD200DA0C63 /* loader.json */,
				2B01E6A925C5C53C0067C6EF /* congrats.json */,
			);
			path = "Cravy-Partner";
			sourceTree = "<group>";
		};
		2B99FF95257430A0008302FA /* Cravy-PartnerTests */ = {
			isa = PBXGroup;
			children = (
				2B99FF96257430A0008302FA /* Cravy_PartnerTests.swift */,
				2B99FF98257430A0008302FA /* Info.plist */,
			);
			path = "Cravy-PartnerTests";
			sourceTree = "<group>";
		};
		2B99FFA0257430A0008302FA /* Cravy-PartnerUITests */ = {
			isa = PBXGroup;
			children = (
				2B99FFA1257430A0008302FA /* Cravy_PartnerUITests.swift */,
				2B99FFA3257430A0008302FA /* Info.plist */,
			);
			path = "Cravy-PartnerUITests";
			sourceTree = "<group>";
		};
		2B99FFB725745795008302FA /* Views */ = {
			isa = PBXGroup;
			children = (
				2BB7FE7125B9C68600900495 /* Xibs */,
				2B61BE5125911C9000545E59 /* Storyboards */,
				2B61BE5225911CC000545E59 /* CollectionCells */,
				2B61BE5325911CD700545E59 /* TableCells */,
			);
			path = Views;
			sourceTree = "<group>";
		};
		2B99FFB8257457A8008302FA /* Controllers */ = {
			isa = PBXGroup;
			children = (
				2B267EE225A1D91200478726 /* Main */,
				2B267EE325A1D99100478726 /* Product */,
				2B267EE425A1D9AF00478726 /* Settings */,
				2B267EE525A1D9CC00478726 /* Album */,
				2B267EE625A1DA2300478726 /* NewProduct */,
			);
			path = Controllers;
			sourceTree = "<group>";
		};
		2B99FFB9257457B8008302FA /* ViewModels */ = {
			isa = PBXGroup;
			children = (
				2B99FFB325745277008302FA /* CustomButton.swift */,
				2B99FFBA25745B17008302FA /* CustomTextField.swift */,
				2B99FFBE2574F602008302FA /* CravySearchBar.swift */,
				2B99FFC025751AEE008302FA /* CravyToolBar.swift */,
				2B99FFC6257723D7008302FA /* CustomImageView.swift */,
				2B99FFC825772814008302FA /* CraveImageView.swift */,
				2BC0C69A25779D87004BA3CA /* LinkView.swift */,
				2BC0C6A0257810C2004BA3CA /* CustomView.swift */,
				2B84AE78257BBCD6002A626A /* MarketView.swift */,
				2B84AE7A257BF1C8002A626A /* CustomTextView.swift */,
				2BEBCE63257D34B300B11C66 /* BusinessView.swift */,
				2B7DF491258A375100AA1337 /* CustomStackView.swift */,
				2B7DF497258B9F4A00AA1337 /* CustomCollectionView.swift */,
				2B61BE43258E89B100545E59 /* CustomLabel.swift */,
				2BFC75182597BF08009A35AE /* CustomPageController.swift */,
				2B823DC9259D112F0040E860 /* PopView.swift */,
				2B823DD125A007880040E860 /* CravyWebView.swift */,
				2BB7FE7625B9CAC100900495 /* ProductEditView.swift */,
			);
			path = ViewModels;
			sourceTree = "<group>";
		};
		2BB7FE7125B9C68600900495 /* Xibs */ = {
			isa = PBXGroup;
			children = (
				2BB7FE6B25B9B61700900495 /* CravyWebKitViewController.swift */,
				2BB7FE6C25B9B61700900495 /* CravyWebKitViewController.xib */,
				2BB7FE7225B9C6C700900495 /* ProductEditView.xib */,
				2B21265525BE61B600B5F023 /* UzumakiView.swift */,
				2B21265325BE5E1F00B5F023 /* UzumakiView.xib */,
				2B21265B25BE6E1000B5F023 /* UchihaView.swift */,
				2B21265925BE6C9100B5F023 /* UchihaView.xib */,
				2B5071C025C0593500F9715F /* TextInputController.swift */,
				2B5071C125C0593500F9715F /* TextInputController.xib */,
				2B5071C425C05ED800F9715F /* TagsInputController.swift */,
				2B5071C525C05ED800F9715F /* TagsInputController.xib */,
				2B5071C825C063F800F9715F /* LinkInputController.swift */,
				2B5071C925C063F800F9715F /* LinkInputController.xib */,
				2BCF7FE625C235F9005629C9 /* EmptyView.xib */,
				2BCF7FE825C238C3005629C9 /* EmptyView.swift */,
			);
			path = Xibs;
			sourceTree = "<group>";
		};
		60F7318CD846ABFD3BB816C5 /* Frameworks */ = {
			isa = PBXGroup;
			children = (
				8B959F1B9C04B45B46A6E58A /* Pods_Cravy_Partner.framework */,
				A869FCE7609881B8424AB01B /* Pods_Cravy_PartnerTests.framework */,
				28A403A3999D88A5ABD71A3A /* Pods_Cravy_PartnerUITests.framework */,
			);
			name = Frameworks;
			sourceTree = "<group>";
		};
		90BADB2B16D777E562466D7B /* Pods */ = {
			isa = PBXGroup;
			children = (
				DFB515FC80778E97B1F0E1C1 /* Pods-Cravy-Partner.debug.xcconfig */,
				F7B037BB109E9AA108F55C9B /* Pods-Cravy-Partner.release.xcconfig */,
				2F5B405DDE47A92CCFA6CD0C /* Pods-Cravy-Partner-Cravy-PartnerUITests.debug.xcconfig */,
				3928B6C7CDD73976695534CC /* Pods-Cravy-Partner-Cravy-PartnerUITests.release.xcconfig */,
				DEDAA11BF501CBDD95F5EC2C /* Pods-Cravy-PartnerTests.debug.xcconfig */,
				BD1A8926148774D5F032B74F /* Pods-Cravy-PartnerTests.release.xcconfig */,
				07AD9DE0F70648D7482D0723 /* Pods-Cravy-PartnerUITests.debug.xcconfig */,
				C81C54BFBA4268DC7E294F14 /* Pods-Cravy-PartnerUITests.release.xcconfig */,
			);
			path = Pods;
			sourceTree = "<group>";
		};
/* End PBXGroup section */

/* Begin PBXNativeTarget section */
		2B99FF7B2574309E008302FA /* Cravy-Partner */ = {
			isa = PBXNativeTarget;
			buildConfigurationList = 2B99FFA6257430A0008302FA /* Build configuration list for PBXNativeTarget "Cravy-Partner" */;
			buildPhases = (
				B42839B6CA909D8630958DDB /* [CP] Check Pods Manifest.lock */,
				2B99FF782574309E008302FA /* Sources */,
				2B99FF792574309E008302FA /* Frameworks */,
				2B99FF7A2574309E008302FA /* Resources */,
				821C2475C75EA6CF0E1EA563 /* [CP] Embed Pods Frameworks */,
			);
			buildRules = (
			);
			dependencies = (
			);
			name = "Cravy-Partner";
			productName = "Cravy-Partner";
			productReference = 2B99FF7C2574309E008302FA /* Cravy-Partner.app */;
			productType = "com.apple.product-type.application";
		};
		2B99FF91257430A0008302FA /* Cravy-PartnerTests */ = {
			isa = PBXNativeTarget;
			buildConfigurationList = 2B99FFA9257430A0008302FA /* Build configuration list for PBXNativeTarget "Cravy-PartnerTests" */;
			buildPhases = (
				7C3D278885091938A14A64F8 /* [CP] Check Pods Manifest.lock */,
				2B99FF8E257430A0008302FA /* Sources */,
				2B99FF8F257430A0008302FA /* Frameworks */,
				2B99FF90257430A0008302FA /* Resources */,
			);
			buildRules = (
			);
			dependencies = (
				2B99FF94257430A0008302FA /* PBXTargetDependency */,
			);
			name = "Cravy-PartnerTests";
			productName = "Cravy-PartnerTests";
			productReference = 2B99FF92257430A0008302FA /* Cravy-PartnerTests.xctest */;
			productType = "com.apple.product-type.bundle.unit-test";
		};
		2B99FF9C257430A0008302FA /* Cravy-PartnerUITests */ = {
			isa = PBXNativeTarget;
			buildConfigurationList = 2B99FFAC257430A0008302FA /* Build configuration list for PBXNativeTarget "Cravy-PartnerUITests" */;
			buildPhases = (
				39BC91E6A3D0683B67732B4F /* [CP] Check Pods Manifest.lock */,
				2B99FF99257430A0008302FA /* Sources */,
				2B99FF9A257430A0008302FA /* Frameworks */,
				2B99FF9B257430A0008302FA /* Resources */,
			);
			buildRules = (
			);
			dependencies = (
				2B99FF9F257430A0008302FA /* PBXTargetDependency */,
			);
			name = "Cravy-PartnerUITests";
			productName = "Cravy-PartnerUITests";
			productReference = 2B99FF9D257430A0008302FA /* Cravy-PartnerUITests.xctest */;
			productType = "com.apple.product-type.bundle.ui-testing";
		};
/* End PBXNativeTarget section */

/* Begin PBXProject section */
		2B99FF742574309E008302FA /* Project object */ = {
			isa = PBXProject;
			attributes = {
				LastSwiftUpdateCheck = 1150;
				LastUpgradeCheck = 1150;
				ORGANIZATIONNAME = Cravy;
				TargetAttributes = {
					2B99FF7B2574309E008302FA = {
						CreatedOnToolsVersion = 11.5;
					};
					2B99FF91257430A0008302FA = {
						CreatedOnToolsVersion = 11.5;
						TestTargetID = 2B99FF7B2574309E008302FA;
					};
					2B99FF9C257430A0008302FA = {
						CreatedOnToolsVersion = 11.5;
						TestTargetID = 2B99FF7B2574309E008302FA;
					};
				};
			};
			buildConfigurationList = 2B99FF772574309E008302FA /* Build configuration list for PBXProject "Cravy-Partner" */;
			compatibilityVersion = "Xcode 9.3";
			developmentRegion = en;
			hasScannedForEncodings = 0;
			knownRegions = (
				en,
				Base,
			);
			mainGroup = 2B99FF732574309E008302FA;
			productRefGroup = 2B99FF7D2574309E008302FA /* Products */;
			projectDirPath = "";
			projectRoot = "";
			targets = (
				2B99FF7B2574309E008302FA /* Cravy-Partner */,
				2B99FF91257430A0008302FA /* Cravy-PartnerTests */,
				2B99FF9C257430A0008302FA /* Cravy-PartnerUITests */,
			);
		};
/* End PBXProject section */

/* Begin PBXResourcesBuildPhase section */
		2B99FF7A2574309E008302FA /* Resources */ = {
			isa = PBXResourcesBuildPhase;
			buildActionMask = 2147483647;
			files = (
				2B267EF025A285AC00478726 /* post.json in Resources */,
				2BE371BF2580EEC700B38D30 /* ImageCollectionCell.xib in Resources */,
				2B823DC8259D01790040E860 /* ingredients.json in Resources */,
				2BFC75152597BB5B009A35AE /* NewProduct.storyboard in Resources */,
				2BC0C69F25780053004BA3CA /* CraveCollectionCell.xib in Resources */,
				2B21265A25BE6C9100B5F023 /* UchihaView.xib in Resources */,
				2B61BE42258E653700545E59 /* WidgetCollectionCell.xib in Resources */,
				2B060A33258809E000F59CB5 /* BasicTableCell.xib in Resources */,
				2BCF7FE725C235F9005629C9 /* EmptyView.xib in Resources */,
				2BC0C6A52578FF24004BA3CA /* TagCollectionCell.xib in Resources */,
				2BB7FE7325B9C6C700900495 /* ProductEditView.xib in Resources */,
				2BB7FE6E25B9B61700900495 /* CravyWebKitViewController.xib in Resources */,
				2B5071C725C05ED800F9715F /* TagsInputController.xib in Resources */,
				2BFC750D25977AB4009A35AE /* AlbumCollectionCell.xib in Resources */,
				2B267EE125A1D74900478726 /* Album.storyboard in Resources */,
				2B99FF8C257430A0008302FA /* LaunchScreen.storyboard in Resources */,
				2B01E6AA25C5C53C0067C6EF /* congrats.json in Resources */,
				2B7315DF2583891D00E9A198 /* GalleryTableCell.xib in Resources */,
				2B823DC6259CD0E10040E860 /* NewCollectionCell.xib in Resources */,
				2B99FF89257430A0008302FA /* Assets.xcassets in Resources */,
				2B5071C325C0593500F9715F /* TextInputController.xib in Resources */,
				2B61BE772593ADED00545E59 /* focus.json in Resources */,
				2BB7FE7925B9EE2800900495 /* comingsoon.json in Resources */,
				2B89AAD825A495EF00F65F16 /* inactive.json in Resources */,
				2B62D9892588FC2B00C7E948 /* ToggleTable.xib in Resources */,
				2BFC751125977ED7009A35AE /* BasicReusableView.xib in Resources */,
				2B99FF872574309E008302FA /* Main.storyboard in Resources */,
				2B5071CB25C063F900F9715F /* LinkInputController.xib in Resources */,
				2B1BD66125BEFFD200DA0C63 /* loader.json in Resources */,
				2B77137E258BD33E00C6C9F0 /* Product.storyboard in Resources */,
				2B21265425BE5E1F00B5F023 /* UzumakiView.xib in Resources */,
				2B267EEC25A2212900478726 /* promote.json in Resources */,
				2B61BE482590D56400545E59 /* Settings.storyboard in Resources */,
			);
			runOnlyForDeploymentPostprocessing = 0;
		};
		2B99FF90257430A0008302FA /* Resources */ = {
			isa = PBXResourcesBuildPhase;
			buildActionMask = 2147483647;
			files = (
			);
			runOnlyForDeploymentPostprocessing = 0;
		};
		2B99FF9B257430A0008302FA /* Resources */ = {
			isa = PBXResourcesBuildPhase;
			buildActionMask = 2147483647;
			files = (
			);
			runOnlyForDeploymentPostprocessing = 0;
		};
/* End PBXResourcesBuildPhase section */

/* Begin PBXShellScriptBuildPhase section */
		39BC91E6A3D0683B67732B4F /* [CP] Check Pods Manifest.lock */ = {
			isa = PBXShellScriptBuildPhase;
			buildActionMask = 2147483647;
			files = (
			);
			inputFileListPaths = (
			);
			inputPaths = (
				"${PODS_PODFILE_DIR_PATH}/Podfile.lock",
				"${PODS_ROOT}/Manifest.lock",
			);
			name = "[CP] Check Pods Manifest.lock";
			outputFileListPaths = (
			);
			outputPaths = (
				"$(DERIVED_FILE_DIR)/Pods-Cravy-PartnerUITests-checkManifestLockResult.txt",
			);
			runOnlyForDeploymentPostprocessing = 0;
			shellPath = /bin/sh;
			shellScript = "diff \"${PODS_PODFILE_DIR_PATH}/Podfile.lock\" \"${PODS_ROOT}/Manifest.lock\" > /dev/null\nif [ $? != 0 ] ; then\n    # print error to STDERR\n    echo \"error: The sandbox is not in sync with the Podfile.lock. Run 'pod install' or update your CocoaPods installation.\" >&2\n    exit 1\nfi\n# This output is used by Xcode 'outputs' to avoid re-running this script phase.\necho \"SUCCESS\" > \"${SCRIPT_OUTPUT_FILE_0}\"\n";
			showEnvVarsInLog = 0;
		};
		7C3D278885091938A14A64F8 /* [CP] Check Pods Manifest.lock */ = {
			isa = PBXShellScriptBuildPhase;
			buildActionMask = 2147483647;
			files = (
			);
			inputFileListPaths = (
			);
			inputPaths = (
				"${PODS_PODFILE_DIR_PATH}/Podfile.lock",
				"${PODS_ROOT}/Manifest.lock",
			);
			name = "[CP] Check Pods Manifest.lock";
			outputFileListPaths = (
			);
			outputPaths = (
				"$(DERIVED_FILE_DIR)/Pods-Cravy-PartnerTests-checkManifestLockResult.txt",
			);
			runOnlyForDeploymentPostprocessing = 0;
			shellPath = /bin/sh;
			shellScript = "diff \"${PODS_PODFILE_DIR_PATH}/Podfile.lock\" \"${PODS_ROOT}/Manifest.lock\" > /dev/null\nif [ $? != 0 ] ; then\n    # print error to STDERR\n    echo \"error: The sandbox is not in sync with the Podfile.lock. Run 'pod install' or update your CocoaPods installation.\" >&2\n    exit 1\nfi\n# This output is used by Xcode 'outputs' to avoid re-running this script phase.\necho \"SUCCESS\" > \"${SCRIPT_OUTPUT_FILE_0}\"\n";
			showEnvVarsInLog = 0;
		};
		821C2475C75EA6CF0E1EA563 /* [CP] Embed Pods Frameworks */ = {
			isa = PBXShellScriptBuildPhase;
			buildActionMask = 2147483647;
			files = (
			);
			inputFileListPaths = (
				"${PODS_ROOT}/Target Support Files/Pods-Cravy-Partner/Pods-Cravy-Partner-frameworks-${CONFIGURATION}-input-files.xcfilelist",
			);
			name = "[CP] Embed Pods Frameworks";
			outputFileListPaths = (
				"${PODS_ROOT}/Target Support Files/Pods-Cravy-Partner/Pods-Cravy-Partner-frameworks-${CONFIGURATION}-output-files.xcfilelist",
			);
			runOnlyForDeploymentPostprocessing = 0;
			shellPath = /bin/sh;
			shellScript = "\"${PODS_ROOT}/Target Support Files/Pods-Cravy-Partner/Pods-Cravy-Partner-frameworks.sh\"\n";
			showEnvVarsInLog = 0;
		};
		B42839B6CA909D8630958DDB /* [CP] Check Pods Manifest.lock */ = {
			isa = PBXShellScriptBuildPhase;
			buildActionMask = 2147483647;
			files = (
			);
			inputFileListPaths = (
			);
			inputPaths = (
				"${PODS_PODFILE_DIR_PATH}/Podfile.lock",
				"${PODS_ROOT}/Manifest.lock",
			);
			name = "[CP] Check Pods Manifest.lock";
			outputFileListPaths = (
			);
			outputPaths = (
				"$(DERIVED_FILE_DIR)/Pods-Cravy-Partner-checkManifestLockResult.txt",
			);
			runOnlyForDeploymentPostprocessing = 0;
			shellPath = /bin/sh;
			shellScript = "diff \"${PODS_PODFILE_DIR_PATH}/Podfile.lock\" \"${PODS_ROOT}/Manifest.lock\" > /dev/null\nif [ $? != 0 ] ; then\n    # print error to STDERR\n    echo \"error: The sandbox is not in sync with the Podfile.lock. Run 'pod install' or update your CocoaPods installation.\" >&2\n    exit 1\nfi\n# This output is used by Xcode 'outputs' to avoid re-running this script phase.\necho \"SUCCESS\" > \"${SCRIPT_OUTPUT_FILE_0}\"\n";
			showEnvVarsInLog = 0;
		};
/* End PBXShellScriptBuildPhase section */

/* Begin PBXSourcesBuildPhase section */
		2B99FF782574309E008302FA /* Sources */ = {
			isa = PBXSourcesBuildPhase;
			buildActionMask = 2147483647;
			files = (
				2B61BE4A2590DA4D00545E59 /* SettingsController.swift in Sources */,
				2BE371BE2580EEC700B38D30 /* ImageCollectionCell.swift in Sources */,
				2B5071CA25C063F900F9715F /* LinkInputController.swift in Sources */,
				2B7DF494258A996200AA1337 /* CravyTabBarController.swift in Sources */,
				2B75890525B6122200203346 /* EditProductController.swift in Sources */,
				2B1BD66325BF0B0400DA0C63 /* LoaderViewController.swift in Sources */,
				2B84AE7B257BF1C8002A626A /* CustomTextView.swift in Sources */,
				2B99FFBB25745B17008302FA /* CustomTextField.swift in Sources */,
				2BC0C6A42578FF24004BA3CA /* TagCollectionCell.swift in Sources */,
				2B61BE44258E89B100545E59 /* CustomLabel.swift in Sources */,
				2B21265625BE61B600B5F023 /* UzumakiView.swift in Sources */,
				2B75890725B733E400203346 /* EditTagsController.swift in Sources */,
				2B84AE79257BBCD6002A626A /* MarketView.swift in Sources */,
				2BB7FE7725B9CAC100900495 /* ProductEditView.swift in Sources */,
				2B5071C225C0593500F9715F /* TextInputController.swift in Sources */,
				2B823DC5259CD0E10040E860 /* NewCollectionCell.swift in Sources */,
				2BCF7FED25C4690D005629C9 /* GalleryTableViewController.swift in Sources */,
				2B61BE41258E653700545E59 /* WidgetCollectionCell.swift in Sources */,
				2BFC750C25977AB4009A35AE /* AlbumCollectionCell.swift in Sources */,
				2BCF7FE925C238C3005629C9 /* EmptyView.swift in Sources */,
				2B99FFC7257723D7008302FA /* CustomImageView.swift in Sources */,
				2B99FFB425745277008302FA /* CustomButton.swift in Sources */,
				2BC7378D25A799B2005D7853 /* ImageViewController.swift in Sources */,
				2B7DF490258A1C0700AA1337 /* IntroPageController.swift in Sources */,
				2BCF7FEB25C45F98005629C9 /* PRCollectionViewController.swift in Sources */,
				2B99FFB2257441B2008302FA /* Extensions.swift in Sources */,
				2BB7FE6D25B9B61700900495 /* CravyWebKitViewController.swift in Sources */,
				2B99FFC125751AEE008302FA /* CravyToolBar.swift in Sources */,
				2B99FF842574309E008302FA /* SplashController.swift in Sources */,
				2B7DF48E258A0C1400AA1337 /* IntroController.swift in Sources */,
				2B5071C625C05ED800F9715F /* TagsInputController.swift in Sources */,
				2B99FF802574309E008302FA /* AppDelegate.swift in Sources */,
				2B7315DE2583891D00E9A198 /* GalleryTableCell.swift in Sources */,
				2B7DF496258A99FF00AA1337 /* MyProductsController.swift in Sources */,
				2BFC75192597BF08009A35AE /* CustomPageController.swift in Sources */,
				2B823DCA259D112F0040E860 /* PopView.swift in Sources */,
				2B823DD225A007880040E860 /* CravyWebView.swift in Sources */,
				2B060A32258809E000F59CB5 /* BasicTableCell.swift in Sources */,
				2B61BE752593927B00545E59 /* NewProductController.swift in Sources */,
				2B7DF492258A375100AA1337 /* CustomStackView.swift in Sources */,
				2B61BE502590FA9500545E59 /* SettingsTableController.swift in Sources */,
				2B267EDD25A131E800478726 /* NewProductPageController.swift in Sources */,
				2B99FFB62574543A008302FA /* Constants.swift in Sources */,
				2B62D9882588FC2B00C7E948 /* ToggleTableCell.swift in Sources */,
				2B267EE825A1FE4000478726 /* ProductCollectionViewController.swift in Sources */,
				2B21265C25BE6E1000B5F023 /* UchihaView.swift in Sources */,
				2B99FF822574309E008302FA /* SceneDelegate.swift in Sources */,
				2B61BE3E258E4AA200545E59 /* ProductController.swift in Sources */,
				2B99FFBF2574F602008302FA /* CravySearchBar.swift in Sources */,
				2BC0C69B25779D87004BA3CA /* LinkView.swift in Sources */,
				2BFC751B2597C1A5009A35AE /* AlbumController.swift in Sources */,
				2BFC75132597808C009A35AE /* AlbumCollectionViewController.swift in Sources */,
				2B7DF498258B9F4A00AA1337 /* CustomCollectionView.swift in Sources */,
				2B61BE4C2590DF7B00545E59 /* AccountController.swift in Sources */,
				2B823DCC259D1D420040E860 /* PopViewController.swift in Sources */,
				2BFC751025977ED7009A35AE /* BasicReusableView.swift in Sources */,
				2B267EDF25A13FE600478726 /* NewProductViewsController.swift in Sources */,
				2BFC75172597BD57009A35AE /* AlbumPageController.swift in Sources */,
				2BEBCE64257D34B300B11C66 /* BusinessView.swift in Sources */,
				2BC0C6A1257810C2004BA3CA /* CustomView.swift in Sources */,
				2B99FFC925772814008302FA /* CraveImageView.swift in Sources */,
				2BC0C69E25780053004BA3CA /* CraveCollectionCell.swift in Sources */,
				2B267EEA25A2011D00478726 /* ProductsPageController.swift in Sources */,
				2B61BE46258FF12100545E59 /* BusinessController.swift in Sources */,
			);
			runOnlyForDeploymentPostprocessing = 0;
		};
		2B99FF8E257430A0008302FA /* Sources */ = {
			isa = PBXSourcesBuildPhase;
			buildActionMask = 2147483647;
			files = (
				2B99FF97257430A0008302FA /* Cravy_PartnerTests.swift in Sources */,
			);
			runOnlyForDeploymentPostprocessing = 0;
		};
		2B99FF99257430A0008302FA /* Sources */ = {
			isa = PBXSourcesBuildPhase;
			buildActionMask = 2147483647;
			files = (
				2B99FFA2257430A0008302FA /* Cravy_PartnerUITests.swift in Sources */,
			);
			runOnlyForDeploymentPostprocessing = 0;
		};
/* End PBXSourcesBuildPhase section */

/* Begin PBXTargetDependency section */
		2B99FF94257430A0008302FA /* PBXTargetDependency */ = {
			isa = PBXTargetDependency;
			target = 2B99FF7B2574309E008302FA /* Cravy-Partner */;
			targetProxy = 2B99FF93257430A0008302FA /* PBXContainerItemProxy */;
		};
		2B99FF9F257430A0008302FA /* PBXTargetDependency */ = {
			isa = PBXTargetDependency;
			target = 2B99FF7B2574309E008302FA /* Cravy-Partner */;
			targetProxy = 2B99FF9E257430A0008302FA /* PBXContainerItemProxy */;
		};
/* End PBXTargetDependency section */

/* Begin PBXVariantGroup section */
		2B99FF852574309E008302FA /* Main.storyboard */ = {
			isa = PBXVariantGroup;
			children = (
				2B99FF862574309E008302FA /* Base */,
			);
			name = Main.storyboard;
			sourceTree = "<group>";
		};
		2B99FF8A257430A0008302FA /* LaunchScreen.storyboard */ = {
			isa = PBXVariantGroup;
			children = (
				2B99FF8B257430A0008302FA /* Base */,
			);
			name = LaunchScreen.storyboard;
			sourceTree = "<group>";
		};
/* End PBXVariantGroup section */

/* Begin XCBuildConfiguration section */
		2B99FFA4257430A0008302FA /* Debug */ = {
			isa = XCBuildConfiguration;
			buildSettings = {
				ALWAYS_SEARCH_USER_PATHS = NO;
				CLANG_ANALYZER_NONNULL = YES;
				CLANG_ANALYZER_NUMBER_OBJECT_CONVERSION = YES_AGGRESSIVE;
				CLANG_CXX_LANGUAGE_STANDARD = "gnu++14";
				CLANG_CXX_LIBRARY = "libc++";
				CLANG_ENABLE_MODULES = YES;
				CLANG_ENABLE_OBJC_ARC = YES;
				CLANG_ENABLE_OBJC_WEAK = YES;
				CLANG_WARN_BLOCK_CAPTURE_AUTORELEASING = YES;
				CLANG_WARN_BOOL_CONVERSION = YES;
				CLANG_WARN_COMMA = YES;
				CLANG_WARN_CONSTANT_CONVERSION = YES;
				CLANG_WARN_DEPRECATED_OBJC_IMPLEMENTATIONS = YES;
				CLANG_WARN_DIRECT_OBJC_ISA_USAGE = YES_ERROR;
				CLANG_WARN_DOCUMENTATION_COMMENTS = YES;
				CLANG_WARN_EMPTY_BODY = YES;
				CLANG_WARN_ENUM_CONVERSION = YES;
				CLANG_WARN_INFINITE_RECURSION = YES;
				CLANG_WARN_INT_CONVERSION = YES;
				CLANG_WARN_NON_LITERAL_NULL_CONVERSION = YES;
				CLANG_WARN_OBJC_IMPLICIT_RETAIN_SELF = YES;
				CLANG_WARN_OBJC_LITERAL_CONVERSION = YES;
				CLANG_WARN_OBJC_ROOT_CLASS = YES_ERROR;
				CLANG_WARN_RANGE_LOOP_ANALYSIS = YES;
				CLANG_WARN_STRICT_PROTOTYPES = YES;
				CLANG_WARN_SUSPICIOUS_MOVE = YES;
				CLANG_WARN_UNGUARDED_AVAILABILITY = YES_AGGRESSIVE;
				CLANG_WARN_UNREACHABLE_CODE = YES;
				CLANG_WARN__DUPLICATE_METHOD_MATCH = YES;
				COPY_PHASE_STRIP = NO;
				DEBUG_INFORMATION_FORMAT = dwarf;
				ENABLE_STRICT_OBJC_MSGSEND = YES;
				ENABLE_TESTABILITY = YES;
				GCC_C_LANGUAGE_STANDARD = gnu11;
				GCC_DYNAMIC_NO_PIC = NO;
				GCC_NO_COMMON_BLOCKS = YES;
				GCC_OPTIMIZATION_LEVEL = 0;
				GCC_PREPROCESSOR_DEFINITIONS = (
					"DEBUG=1",
					"$(inherited)",
				);
				GCC_WARN_64_TO_32_BIT_CONVERSION = YES;
				GCC_WARN_ABOUT_RETURN_TYPE = YES_ERROR;
				GCC_WARN_UNDECLARED_SELECTOR = YES;
				GCC_WARN_UNINITIALIZED_AUTOS = YES_AGGRESSIVE;
				GCC_WARN_UNUSED_FUNCTION = YES;
				GCC_WARN_UNUSED_VARIABLE = YES;
				IPHONEOS_DEPLOYMENT_TARGET = 13.5;
				MTL_ENABLE_DEBUG_INFO = INCLUDE_SOURCE;
				MTL_FAST_MATH = YES;
				ONLY_ACTIVE_ARCH = YES;
				SDKROOT = iphoneos;
				SWIFT_ACTIVE_COMPILATION_CONDITIONS = DEBUG;
				SWIFT_OPTIMIZATION_LEVEL = "-Onone";
			};
			name = Debug;
		};
		2B99FFA5257430A0008302FA /* Release */ = {
			isa = XCBuildConfiguration;
			buildSettings = {
				ALWAYS_SEARCH_USER_PATHS = NO;
				CLANG_ANALYZER_NONNULL = YES;
				CLANG_ANALYZER_NUMBER_OBJECT_CONVERSION = YES_AGGRESSIVE;
				CLANG_CXX_LANGUAGE_STANDARD = "gnu++14";
				CLANG_CXX_LIBRARY = "libc++";
				CLANG_ENABLE_MODULES = YES;
				CLANG_ENABLE_OBJC_ARC = YES;
				CLANG_ENABLE_OBJC_WEAK = YES;
				CLANG_WARN_BLOCK_CAPTURE_AUTORELEASING = YES;
				CLANG_WARN_BOOL_CONVERSION = YES;
				CLANG_WARN_COMMA = YES;
				CLANG_WARN_CONSTANT_CONVERSION = YES;
				CLANG_WARN_DEPRECATED_OBJC_IMPLEMENTATIONS = YES;
				CLANG_WARN_DIRECT_OBJC_ISA_USAGE = YES_ERROR;
				CLANG_WARN_DOCUMENTATION_COMMENTS = YES;
				CLANG_WARN_EMPTY_BODY = YES;
				CLANG_WARN_ENUM_CONVERSION = YES;
				CLANG_WARN_INFINITE_RECURSION = YES;
				CLANG_WARN_INT_CONVERSION = YES;
				CLANG_WARN_NON_LITERAL_NULL_CONVERSION = YES;
				CLANG_WARN_OBJC_IMPLICIT_RETAIN_SELF = YES;
				CLANG_WARN_OBJC_LITERAL_CONVERSION = YES;
				CLANG_WARN_OBJC_ROOT_CLASS = YES_ERROR;
				CLANG_WARN_RANGE_LOOP_ANALYSIS = YES;
				CLANG_WARN_STRICT_PROTOTYPES = YES;
				CLANG_WARN_SUSPICIOUS_MOVE = YES;
				CLANG_WARN_UNGUARDED_AVAILABILITY = YES_AGGRESSIVE;
				CLANG_WARN_UNREACHABLE_CODE = YES;
				CLANG_WARN__DUPLICATE_METHOD_MATCH = YES;
				COPY_PHASE_STRIP = NO;
				DEBUG_INFORMATION_FORMAT = "dwarf-with-dsym";
				ENABLE_NS_ASSERTIONS = NO;
				ENABLE_STRICT_OBJC_MSGSEND = YES;
				GCC_C_LANGUAGE_STANDARD = gnu11;
				GCC_NO_COMMON_BLOCKS = YES;
				GCC_WARN_64_TO_32_BIT_CONVERSION = YES;
				GCC_WARN_ABOUT_RETURN_TYPE = YES_ERROR;
				GCC_WARN_UNDECLARED_SELECTOR = YES;
				GCC_WARN_UNINITIALIZED_AUTOS = YES_AGGRESSIVE;
				GCC_WARN_UNUSED_FUNCTION = YES;
				GCC_WARN_UNUSED_VARIABLE = YES;
				IPHONEOS_DEPLOYMENT_TARGET = 13.5;
				MTL_ENABLE_DEBUG_INFO = NO;
				MTL_FAST_MATH = YES;
				SDKROOT = iphoneos;
				SWIFT_COMPILATION_MODE = wholemodule;
				SWIFT_OPTIMIZATION_LEVEL = "-O";
				VALIDATE_PRODUCT = YES;
			};
			name = Release;
		};
		2B99FFA7257430A0008302FA /* Debug */ = {
			isa = XCBuildConfiguration;
			baseConfigurationReference = DFB515FC80778E97B1F0E1C1 /* Pods-Cravy-Partner.debug.xcconfig */;
			buildSettings = {
				ASSETCATALOG_COMPILER_APPICON_NAME = AppIcon;
				CODE_SIGN_STYLE = Automatic;
				DEVELOPMENT_TEAM = 4XV7283Q9P;
				INFOPLIST_FILE = "Cravy-Partner/Info.plist";
				LD_RUNPATH_SEARCH_PATHS = (
					"$(inherited)",
					"@executable_path/Frameworks",
				);
				PRODUCT_BUNDLE_IDENTIFIER = "com.cravy.Cravy-Partner";
				PRODUCT_NAME = "$(TARGET_NAME)";
				SWIFT_VERSION = 5.0;
				TARGETED_DEVICE_FAMILY = "1,2";
			};
			name = Debug;
		};
		2B99FFA8257430A0008302FA /* Release */ = {
			isa = XCBuildConfiguration;
			baseConfigurationReference = F7B037BB109E9AA108F55C9B /* Pods-Cravy-Partner.release.xcconfig */;
			buildSettings = {
				ASSETCATALOG_COMPILER_APPICON_NAME = AppIcon;
				CODE_SIGN_STYLE = Automatic;
				DEVELOPMENT_TEAM = 4XV7283Q9P;
				INFOPLIST_FILE = "Cravy-Partner/Info.plist";
				LD_RUNPATH_SEARCH_PATHS = (
					"$(inherited)",
					"@executable_path/Frameworks",
				);
				PRODUCT_BUNDLE_IDENTIFIER = "com.cravy.Cravy-Partner";
				PRODUCT_NAME = "$(TARGET_NAME)";
				SWIFT_VERSION = 5.0;
				TARGETED_DEVICE_FAMILY = "1,2";
			};
			name = Release;
		};
		2B99FFAA257430A0008302FA /* Debug */ = {
			isa = XCBuildConfiguration;
			baseConfigurationReference = DEDAA11BF501CBDD95F5EC2C /* Pods-Cravy-PartnerTests.debug.xcconfig */;
			buildSettings = {
				ALWAYS_EMBED_SWIFT_STANDARD_LIBRARIES = YES;
				BUNDLE_LOADER = "$(TEST_HOST)";
				CODE_SIGN_STYLE = Automatic;
				DEVELOPMENT_TEAM = 4XV7283Q9P;
				INFOPLIST_FILE = "Cravy-PartnerTests/Info.plist";
				IPHONEOS_DEPLOYMENT_TARGET = 13.5;
				LD_RUNPATH_SEARCH_PATHS = (
					"$(inherited)",
					"@executable_path/Frameworks",
					"@loader_path/Frameworks",
				);
				PRODUCT_BUNDLE_IDENTIFIER = "com.cravy.Cravy-PartnerTests";
				PRODUCT_NAME = "$(TARGET_NAME)";
				SWIFT_VERSION = 5.0;
				TARGETED_DEVICE_FAMILY = "1,2";
				TEST_HOST = "$(BUILT_PRODUCTS_DIR)/Cravy-Partner.app/Cravy-Partner";
			};
			name = Debug;
		};
		2B99FFAB257430A0008302FA /* Release */ = {
			isa = XCBuildConfiguration;
			baseConfigurationReference = BD1A8926148774D5F032B74F /* Pods-Cravy-PartnerTests.release.xcconfig */;
			buildSettings = {
				ALWAYS_EMBED_SWIFT_STANDARD_LIBRARIES = YES;
				BUNDLE_LOADER = "$(TEST_HOST)";
				CODE_SIGN_STYLE = Automatic;
				DEVELOPMENT_TEAM = 4XV7283Q9P;
				INFOPLIST_FILE = "Cravy-PartnerTests/Info.plist";
				IPHONEOS_DEPLOYMENT_TARGET = 13.5;
				LD_RUNPATH_SEARCH_PATHS = (
					"$(inherited)",
					"@executable_path/Frameworks",
					"@loader_path/Frameworks",
				);
				PRODUCT_BUNDLE_IDENTIFIER = "com.cravy.Cravy-PartnerTests";
				PRODUCT_NAME = "$(TARGET_NAME)";
				SWIFT_VERSION = 5.0;
				TARGETED_DEVICE_FAMILY = "1,2";
				TEST_HOST = "$(BUILT_PRODUCTS_DIR)/Cravy-Partner.app/Cravy-Partner";
			};
			name = Release;
		};
		2B99FFAD257430A0008302FA /* Debug */ = {
			isa = XCBuildConfiguration;
			baseConfigurationReference = 07AD9DE0F70648D7482D0723 /* Pods-Cravy-PartnerUITests.debug.xcconfig */;
			buildSettings = {
				ALWAYS_EMBED_SWIFT_STANDARD_LIBRARIES = YES;
				CODE_SIGN_STYLE = Automatic;
				DEVELOPMENT_TEAM = 4XV7283Q9P;
				INFOPLIST_FILE = "Cravy-PartnerUITests/Info.plist";
				LD_RUNPATH_SEARCH_PATHS = (
					"$(inherited)",
					"@executable_path/Frameworks",
					"@loader_path/Frameworks",
				);
				PRODUCT_BUNDLE_IDENTIFIER = "com.cravy.Cravy-PartnerUITests";
				PRODUCT_NAME = "$(TARGET_NAME)";
				SWIFT_VERSION = 5.0;
				TARGETED_DEVICE_FAMILY = "1,2";
				TEST_TARGET_NAME = "Cravy-Partner";
			};
			name = Debug;
		};
		2B99FFAE257430A0008302FA /* Release */ = {
			isa = XCBuildConfiguration;
			baseConfigurationReference = C81C54BFBA4268DC7E294F14 /* Pods-Cravy-PartnerUITests.release.xcconfig */;
			buildSettings = {
				ALWAYS_EMBED_SWIFT_STANDARD_LIBRARIES = YES;
				CODE_SIGN_STYLE = Automatic;
				DEVELOPMENT_TEAM = 4XV7283Q9P;
				INFOPLIST_FILE = "Cravy-PartnerUITests/Info.plist";
				LD_RUNPATH_SEARCH_PATHS = (
					"$(inherited)",
					"@executable_path/Frameworks",
					"@loader_path/Frameworks",
				);
				PRODUCT_BUNDLE_IDENTIFIER = "com.cravy.Cravy-PartnerUITests";
				PRODUCT_NAME = "$(TARGET_NAME)";
				SWIFT_VERSION = 5.0;
				TARGETED_DEVICE_FAMILY = "1,2";
				TEST_TARGET_NAME = "Cravy-Partner";
			};
			name = Release;
		};
/* End XCBuildConfiguration section */

/* Begin XCConfigurationList section */
		2B99FF772574309E008302FA /* Build configuration list for PBXProject "Cravy-Partner" */ = {
			isa = XCConfigurationList;
			buildConfigurations = (
				2B99FFA4257430A0008302FA /* Debug */,
				2B99FFA5257430A0008302FA /* Release */,
			);
			defaultConfigurationIsVisible = 0;
			defaultConfigurationName = Release;
		};
		2B99FFA6257430A0008302FA /* Build configuration list for PBXNativeTarget "Cravy-Partner" */ = {
			isa = XCConfigurationList;
			buildConfigurations = (
				2B99FFA7257430A0008302FA /* Debug */,
				2B99FFA8257430A0008302FA /* Release */,
			);
			defaultConfigurationIsVisible = 0;
			defaultConfigurationName = Release;
		};
		2B99FFA9257430A0008302FA /* Build configuration list for PBXNativeTarget "Cravy-PartnerTests" */ = {
			isa = XCConfigurationList;
			buildConfigurations = (
				2B99FFAA257430A0008302FA /* Debug */,
				2B99FFAB257430A0008302FA /* Release */,
			);
			defaultConfigurationIsVisible = 0;
			defaultConfigurationName = Release;
		};
		2B99FFAC257430A0008302FA /* Build configuration list for PBXNativeTarget "Cravy-PartnerUITests" */ = {
			isa = XCConfigurationList;
			buildConfigurations = (
				2B99FFAD257430A0008302FA /* Debug */,
				2B99FFAE257430A0008302FA /* Release */,
			);
			defaultConfigurationIsVisible = 0;
			defaultConfigurationName = Release;
		};
/* End XCConfigurationList section */
	};
	rootObject = 2B99FF742574309E008302FA /* Project object */;
}
